// !$*UTF8*$!
{
	archiveVersion = 1;
	classes = {
	};
	objectVersion = 48;
	objects = {

/* Begin PBXBuildFile section */
		60849EA62154B15900055432 /* main.cpp in Sources */ = {isa = PBXBuildFile; fileRef = 60849EA52154B15900055432 /* main.cpp */; };
		60849EC82154C2E300055432 /* counter.cpp in Sources */ = {isa = PBXBuildFile; fileRef = 60849EC72154C2E300055432 /* counter.cpp */; };
/* End PBXBuildFile section */

/* Begin PBXCopyFilesBuildPhase section */
		60849EA02154B15900055432 /* CopyFiles */ = {
			isa = PBXCopyFilesBuildPhase;
			buildActionMask = 2147483647;
			dstPath = /usr/share/man/man1/;
			dstSubfolderSpec = 0;
			files = (
			);
			runOnlyForDeploymentPostprocessing = 1;
		};
/* End PBXCopyFilesBuildPhase section */

/* Begin PBXFileReference section */
		60849EA22154B15900055432 /* tlib */ = {isa = PBXFileReference; explicitFileType = "compiled.mach-o.executable"; includeInIndex = 0; path = tlib; sourceTree = BUILT_PRODUCTS_DIR; };
		60849EA52154B15900055432 /* main.cpp */ = {isa = PBXFileReference; lastKnownFileType = sourcecode.cpp.cpp; path = main.cpp; sourceTree = "<group>"; };
		60849EB12154B5E300055432 /* array.h */ = {isa = PBXFileReference; lastKnownFileType = sourcecode.c.h; path = array.h; sourceTree = "<group>"; };
		60849EB22154B93A00055432 /* matrix.h */ = {isa = PBXFileReference; lastKnownFileType = sourcecode.c.h; path = matrix.h; sourceTree = "<group>"; };
		60849EB32154BA6500055432 /* image.h */ = {isa = PBXFileReference; lastKnownFileType = sourcecode.c.h; path = image.h; sourceTree = "<group>"; };
		60849EB42154BB4900055432 /* signal.h */ = {isa = PBXFileReference; lastKnownFileType = sourcecode.c.h; path = signal.h; sourceTree = "<group>"; };
		60849EB52154BBEC00055432 /* sound.h */ = {isa = PBXFileReference; lastKnownFileType = sourcecode.c.h; path = sound.h; sourceTree = "<group>"; };
		60849EB62154BCB600055432 /* point.h */ = {isa = PBXFileReference; lastKnownFileType = sourcecode.c.h; path = point.h; sourceTree = "<group>"; };
		60849EB72154BD2200055432 /* rect.h */ = {isa = PBXFileReference; lastKnownFileType = sourcecode.c.h; path = rect.h; sourceTree = "<group>"; };
		60849EB82154BD5F00055432 /* hpoint.h */ = {isa = PBXFileReference; lastKnownFileType = sourcecode.c.h; path = hpoint.h; sourceTree = "<group>"; };
		60849EBA2154BE1300055432 /* rng.h */ = {isa = PBXFileReference; lastKnownFileType = sourcecode.c.h; path = rng.h; sourceTree = "<group>"; };
		60849EBB2154BED000055432 /* stat.h */ = {isa = PBXFileReference; lastKnownFileType = sourcecode.c.h; path = stat.h; sourceTree = "<group>"; };
		60849EBC2154BF6800055432 /* distribution.h */ = {isa = PBXFileReference; lastKnownFileType = sourcecode.c.h; path = distribution.h; sourceTree = "<group>"; };
		60849EBF2154C01500055432 /* counter.h */ = {isa = PBXFileReference; lastKnownFileType = sourcecode.c.h; path = counter.h; sourceTree = "<group>"; };
		60849EC02154C04800055432 /* logger.h */ = {isa = PBXFileReference; lastKnownFileType = sourcecode.c.h; path = logger.h; sourceTree = "<group>"; };
		60849EC12154C07D00055432 /* stop_watch.h */ = {isa = PBXFileReference; lastKnownFileType = sourcecode.c.h; path = stop_watch.h; sourceTree = "<group>"; };
		60849EC32154C22D00055432 /* stringops.h */ = {isa = PBXFileReference; lastKnownFileType = sourcecode.c.h; path = stringops.h; sourceTree = "<group>"; };
		60849EC42154C25B00055432 /* path.h */ = {isa = PBXFileReference; lastKnownFileType = sourcecode.c.h; path = path.h; sourceTree = "<group>"; };
		60849EC72154C2E300055432 /* counter.cpp */ = {isa = PBXFileReference; lastKnownFileType = sourcecode.cpp.cpp; path = counter.cpp; sourceTree = "<group>"; };
		60849EC92154C60000055432 /* tlib.h */ = {isa = PBXFileReference; lastKnownFileType = sourcecode.c.h; path = tlib.h; sourceTree = "<group>"; };
/* End PBXFileReference section */

/* Begin PBXFrameworksBuildPhase section */
		60849E9F2154B15900055432 /* Frameworks */ = {
			isa = PBXFrameworksBuildPhase;
			buildActionMask = 2147483647;
			files = (
			);
			runOnlyForDeploymentPostprocessing = 0;
		};
/* End PBXFrameworksBuildPhase section */

/* Begin PBXGroup section */
		60849E992154B15900055432 = {
			isa = PBXGroup;
			children = (
				60849EA42154B15900055432 /* tlib */,
				60849EA32154B15900055432 /* Products */,
			);
			sourceTree = "<group>";
		};
		60849EA32154B15900055432 /* Products */ = {
			isa = PBXGroup;
			children = (
				60849EA22154B15900055432 /* tlib */,
			);
			name = Products;
			sourceTree = "<group>";
		};
		60849EA42154B15900055432 /* tlib */ = {
			isa = PBXGroup;
			children = (
				60849EAF2154B5B700055432 /* include */,
				60849EAE2154B5B300055432 /* src */,
				60849EA52154B15900055432 /* main.cpp */,
			);
			path = tlib;
			sourceTree = "<group>";
		};
		60849EAE2154B5B300055432 /* src */ = {
			isa = PBXGroup;
			children = (
				60849EC52154C2C700055432 /* core */,
			);
			path = src;
			sourceTree = "<group>";
		};
		60849EAF2154B5B700055432 /* include */ = {
			isa = PBXGroup;
			children = (
				60849EBD2154BFEE00055432 /* improc */,
				60849EB02154B5D200055432 /* core */,
				60849EC92154C60000055432 /* tlib.h */,
			);
			path = include;
			sourceTree = "<group>";
		};
		60849EB02154B5D200055432 /* core */ = {
			isa = PBXGroup;
			children = (
				60849EC22154C20F00055432 /* system */,
				60849EBE2154C00600055432 /* utility */,
				60849EB92154BDF400055432 /* math */,
				60849EB12154B5E300055432 /* array.h */,
				60849EB22154B93A00055432 /* matrix.h */,
				60849EB32154BA6500055432 /* image.h */,
				60849EB42154BB4900055432 /* signal.h */,
				60849EB52154BBEC00055432 /* sound.h */,
				60849EB62154BCB600055432 /* point.h */,
				60849EB72154BD2200055432 /* rect.h */,
				60849EB82154BD5F00055432 /* hpoint.h */,
			);
			path = core;
			sourceTree = "<group>";
		};
		60849EB92154BDF400055432 /* math */ = {
			isa = PBXGroup;
			children = (
				60849EBA2154BE1300055432 /* rng.h */,
				60849EBB2154BED000055432 /* stat.h */,
				60849EBC2154BF6800055432 /* distribution.h */,
			);
			path = math;
			sourceTree = "<group>";
		};
		60849EBD2154BFEE00055432 /* improc */ = {
			isa = PBXGroup;
			children = (
			);
			path = improc;
			sourceTree = "<group>";
		};
		60849EBE2154C00600055432 /* utility */ = {
			isa = PBXGroup;
			children = (
				60849EBF2154C01500055432 /* counter.h */,
				60849EC02154C04800055432 /* logger.h */,
				60849EC12154C07D00055432 /* stop_watch.h */,
			);
			path = utility;
			sourceTree = "<group>";
		};
		60849EC22154C20F00055432 /* system */ = {
			isa = PBXGroup;
			children = (
				60849EC32154C22D00055432 /* stringops.h */,
				60849EC42154C25B00055432 /* path.h */,
			);
			path = system;
			sourceTree = "<group>";
		};
		60849EC52154C2C700055432 /* core */ = {
			isa = PBXGroup;
			children = (
				60849EC62154C2D000055432 /* utility */,
			);
			path = core;
			sourceTree = "<group>";
		};
		60849EC62154C2D000055432 /* utility */ = {
			isa = PBXGroup;
			children = (
				60849EC72154C2E300055432 /* counter.cpp */,
			);
			path = utility;
			sourceTree = "<group>";
		};
/* End PBXGroup section */

/* Begin PBXNativeTarget section */
		60849EA12154B15900055432 /* tlib */ = {
			isa = PBXNativeTarget;
			buildConfigurationList = 60849EA92154B15900055432 /* Build configuration list for PBXNativeTarget "tlib" */;
			buildPhases = (
				60849E9E2154B15900055432 /* Sources */,
				60849E9F2154B15900055432 /* Frameworks */,
				60849EA02154B15900055432 /* CopyFiles */,
			);
			buildRules = (
			);
			dependencies = (
			);
			name = tlib;
			productName = tlib;
			productReference = 60849EA22154B15900055432 /* tlib */;
			productType = "com.apple.product-type.tool";
		};
/* End PBXNativeTarget section */

/* Begin PBXProject section */
		60849E9A2154B15900055432 /* Project object */ = {
			isa = PBXProject;
			attributes = {
				LastUpgradeCheck = 0920;
				ORGANIZATIONNAME = "Li Yu";
				TargetAttributes = {
					60849EA12154B15900055432 = {
						CreatedOnToolsVersion = 9.2;
						ProvisioningStyle = Automatic;
					};
				};
			};
			buildConfigurationList = 60849E9D2154B15900055432 /* Build configuration list for PBXProject "tlib" */;
			compatibilityVersion = "Xcode 8.0";
			developmentRegion = en;
			hasScannedForEncodings = 0;
			knownRegions = (
				en,
			);
			mainGroup = 60849E992154B15900055432;
			productRefGroup = 60849EA32154B15900055432 /* Products */;
			projectDirPath = "";
			projectRoot = "";
			targets = (
				60849EA12154B15900055432 /* tlib */,
			);
		};
/* End PBXProject section */

/* Begin PBXSourcesBuildPhase section */
		60849E9E2154B15900055432 /* Sources */ = {
			isa = PBXSourcesBuildPhase;
			buildActionMask = 2147483647;
			files = (
				60849EC82154C2E300055432 /* counter.cpp in Sources */,
				60849EA62154B15900055432 /* main.cpp in Sources */,
			);
			runOnlyForDeploymentPostprocessing = 0;
		};
/* End PBXSourcesBuildPhase section */

/* Begin XCBuildConfiguration section */
		60849EA72154B15900055432 /* Debug */ = {
			isa = XCBuildConfiguration;
			buildSettings = {
				ALWAYS_SEARCH_USER_PATHS = NO;
				CLANG_ANALYZER_NONNULL = YES;
				CLANG_ANALYZER_NUMBER_OBJECT_CONVERSION = YES_AGGRESSIVE;
				CLANG_CXX_LANGUAGE_STANDARD = "gnu++14";
				CLANG_CXX_LIBRARY = "libc++";
				CLANG_ENABLE_MODULES = YES;
				CLANG_ENABLE_OBJC_ARC = YES;
				CLANG_WARN_BLOCK_CAPTURE_AUTORELEASING = YES;
				CLANG_WARN_BOOL_CONVERSION = YES;
				CLANG_WARN_COMMA = YES;
				CLANG_WARN_CONSTANT_CONVERSION = YES;
				CLANG_WARN_DIRECT_OBJC_ISA_USAGE = YES_ERROR;
				CLANG_WARN_DOCUMENTATION_COMMENTS = YES;
				CLANG_WARN_EMPTY_BODY = YES;
				CLANG_WARN_ENUM_CONVERSION = YES;
				CLANG_WARN_INFINITE_RECURSION = YES;
				CLANG_WARN_INT_CONVERSION = YES;
				CLANG_WARN_NON_LITERAL_NULL_CONVERSION = YES;
				CLANG_WARN_OBJC_LITERAL_CONVERSION = YES;
				CLANG_WARN_OBJC_ROOT_CLASS = YES_ERROR;
				CLANG_WARN_RANGE_LOOP_ANALYSIS = YES;
				CLANG_WARN_STRICT_PROTOTYPES = YES;
				CLANG_WARN_SUSPICIOUS_MOVE = YES;
				CLANG_WARN_UNGUARDED_AVAILABILITY = YES_AGGRESSIVE;
				CLANG_WARN_UNREACHABLE_CODE = YES;
				CLANG_WARN__DUPLICATE_METHOD_MATCH = YES;
				CODE_SIGN_IDENTITY = "-";
				COPY_PHASE_STRIP = NO;
				DEBUG_INFORMATION_FORMAT = dwarf;
				ENABLE_STRICT_OBJC_MSGSEND = YES;
				ENABLE_TESTABILITY = YES;
				GCC_C_LANGUAGE_STANDARD = gnu11;
				GCC_DYNAMIC_NO_PIC = NO;
				GCC_NO_COMMON_BLOCKS = YES;
				GCC_OPTIMIZATION_LEVEL = 0;
				GCC_PREPROCESSOR_DEFINITIONS = (
					"DEBUG=1",
					"$(inherited)",
				);
				GCC_WARN_64_TO_32_BIT_CONVERSION = YES;
				GCC_WARN_ABOUT_RETURN_TYPE = YES_ERROR;
				GCC_WARN_UNDECLARED_SELECTOR = YES;
				GCC_WARN_UNINITIALIZED_AUTOS = YES_AGGRESSIVE;
				GCC_WARN_UNUSED_FUNCTION = YES;
				GCC_WARN_UNUSED_VARIABLE = YES;
				MACOSX_DEPLOYMENT_TARGET = 10.12;
				MTL_ENABLE_DEBUG_INFO = YES;
				ONLY_ACTIVE_ARCH = YES;
				SDKROOT = macosx;
			};
			name = Debug;
		};
		60849EA82154B15900055432 /* Release */ = {
			isa = XCBuildConfiguration;
			buildSettings = {
				ALWAYS_SEARCH_USER_PATHS = NO;
				CLANG_ANALYZER_NONNULL = YES;
				CLANG_ANALYZER_NUMBER_OBJECT_CONVERSION = YES_AGGRESSIVE;
				CLANG_CXX_LANGUAGE_STANDARD = "gnu++14";
				CLANG_CXX_LIBRARY = "libc++";
				CLANG_ENABLE_MODULES = YES;
				CLANG_ENABLE_OBJC_ARC = YES;
				CLANG_WARN_BLOCK_CAPTURE_AUTORELEASING = YES;
				CLANG_WARN_BOOL_CONVERSION = YES;
				CLANG_WARN_COMMA = YES;
				CLANG_WARN_CONSTANT_CONVERSION = YES;
				CLANG_WARN_DIRECT_OBJC_ISA_USAGE = YES_ERROR;
				CLANG_WARN_DOCUMENTATION_COMMENTS = YES;
				CLANG_WARN_EMPTY_BODY = YES;
				CLANG_WARN_ENUM_CONVERSION = YES;
				CLANG_WARN_INFINITE_RECURSION = YES;
				CLANG_WARN_INT_CONVERSION = YES;
				CLANG_WARN_NON_LITERAL_NULL_CONVERSION = YES;
				CLANG_WARN_OBJC_LITERAL_CONVERSION = YES;
				CLANG_WARN_OBJC_ROOT_CLASS = YES_ERROR;
				CLANG_WARN_RANGE_LOOP_ANALYSIS = YES;
				CLANG_WARN_STRICT_PROTOTYPES = YES;
				CLANG_WARN_SUSPICIOUS_MOVE = YES;
				CLANG_WARN_UNGUARDED_AVAILABILITY = YES_AGGRESSIVE;
				CLANG_WARN_UNREACHABLE_CODE = YES;
				CLANG_WARN__DUPLICATE_METHOD_MATCH = YES;
				CODE_SIGN_IDENTITY = "-";
				COPY_PHASE_STRIP = NO;
				DEBUG_INFORMATION_FORMAT = "dwarf-with-dsym";
				ENABLE_NS_ASSERTIONS = NO;
				ENABLE_STRICT_OBJC_MSGSEND = YES;
				GCC_C_LANGUAGE_STANDARD = gnu11;
				GCC_NO_COMMON_BLOCKS = YES;
				GCC_WARN_64_TO_32_BIT_CONVERSION = YES;
				GCC_WARN_ABOUT_RETURN_TYPE = YES_ERROR;
				GCC_WARN_UNDECLARED_SELECTOR = YES;
				GCC_WARN_UNINITIALIZED_AUTOS = YES_AGGRESSIVE;
				GCC_WARN_UNUSED_FUNCTION = YES;
				GCC_WARN_UNUSED_VARIABLE = YES;
				MACOSX_DEPLOYMENT_TARGET = 10.12;
				MTL_ENABLE_DEBUG_INFO = NO;
				SDKROOT = macosx;
			};
			name = Release;
		};
		60849EAA2154B15900055432 /* Debug */ = {
			isa = XCBuildConfiguration;
			buildSettings = {
				CODE_SIGN_STYLE = Automatic;
				PRODUCT_NAME = "$(TARGET_NAME)";
			};
			name = Debug;
		};
		60849EAB2154B15900055432 /* Release */ = {
			isa = XCBuildConfiguration;
			buildSettings = {
				CODE_SIGN_STYLE = Automatic;
				PRODUCT_NAME = "$(TARGET_NAME)";
			};
			name = Release;
		};
/* End XCBuildConfiguration section */

/* Begin XCConfigurationList section */
		60849E9D2154B15900055432 /* Build configuration list for PBXProject "tlib" */ = {
			isa = XCConfigurationList;
			buildConfigurations = (
				60849EA72154B15900055432 /* Debug */,
				60849EA82154B15900055432 /* Release */,
			);
			defaultConfigurationIsVisible = 0;
			defaultConfigurationName = Release;
		};
		60849EA92154B15900055432 /* Build configuration list for PBXNativeTarget "tlib" */ = {
			isa = XCConfigurationList;
			buildConfigurations = (
				60849EAA2154B15900055432 /* Debug */,
				60849EAB2154B15900055432 /* Release */,
			);
			defaultConfigurationIsVisible = 0;
			defaultConfigurationName = Release;
		};
/* End XCConfigurationList section */
	};
	rootObject = 60849E9A2154B15900055432 /* Project object */;
}
